// !$*UTF8*$!
{
	archiveVersion = 1;
	classes = {
	};
	objectVersion = 48;
	objects = {

/* Begin PBXBuildFile section */
		035E924D05DFB4F789373534 /* Pods_MDBSocials.framework in Frameworks */ = {isa = PBXBuildFile; fileRef = EE70B1EDCD72E1F5F8FC57F7 /* Pods_MDBSocials.framework */; };
		994F762365D3E920FC531C74 /* Pods_MDBSocialsUITests.framework in Frameworks */ = {isa = PBXBuildFile; fileRef = A2888E81D5564FB20E9AE5D5 /* Pods_MDBSocialsUITests.framework */; };
		9F0772512057828B0061215B /* DarkSkyAPI.swift in Sources */ = {isa = PBXBuildFile; fileRef = 9F0772502057828B0061215B /* DarkSkyAPI.swift */; };
		9F07725320588D030061215B /* GoogleService-Info.plist in Resources */ = {isa = PBXBuildFile; fileRef = 9F07725220588D020061215B /* GoogleService-Info.plist */; };
		9F077257205898CA0061215B /* Colors.swift in Sources */ = {isa = PBXBuildFile; fileRef = 9F077256205898CA0061215B /* Colors.swift */; };
		9F07727C2059DC960061215B /* RestAPIClient.swift in Sources */ = {isa = PBXBuildFile; fileRef = 9F07727B2059DC960061215B /* RestAPIClient.swift */; };
		9F230490204BC7E600A02661 /* WhosInterestedController.swift in Sources */ = {isa = PBXBuildFile; fileRef = 9F23048F204BC7E600A02661 /* WhosInterestedController.swift */; };
		9F3C1578203ECC1F00A423B1 /* PostTableViewCell.swift in Sources */ = {isa = PBXBuildFile; fileRef = 9F3C1577203ECC1F00A423B1 /* PostTableViewCell.swift */; };
		9F3C157A203F42AF00A423B1 /* UITextViewPlaceholder.swift in Sources */ = {isa = PBXBuildFile; fileRef = 9F3C1579203F42AF00A423B1 /* UITextViewPlaceholder.swift */; };
		9F3C1582203FB74000A423B1 /* Post.swift in Sources */ = {isa = PBXBuildFile; fileRef = 9F3C1580203FB69200A423B1 /* Post.swift */; };
		9F3C1583203FB74300A423B1 /* SocialsUser.swift in Sources */ = {isa = PBXBuildFile; fileRef = 9F3C1581203FB6A400A423B1 /* SocialsUser.swift */; };
		9FC8635D2048F24900340BA5 /* Utils.swift in Sources */ = {isa = PBXBuildFile; fileRef = 9FC8635C2048F24800340BA5 /* Utils.swift */; };
		9FEFE25C204A7D7A00CB9712 /* MainTabBarController.swift in Sources */ = {isa = PBXBuildFile; fileRef = 9FEFE25B204A7D7A00CB9712 /* MainTabBarController.swift */; };
		9FEFE25E204A83F400CB9712 /* MyEventsViewController.swift in Sources */ = {isa = PBXBuildFile; fileRef = 9FEFE25D204A83F400CB9712 /* MyEventsViewController.swift */; };
		9FF21BBB203E5B93005F51DA /* AppDelegate.swift in Sources */ = {isa = PBXBuildFile; fileRef = 9FF21BBA203E5B93005F51DA /* AppDelegate.swift */; };
		9FF21BBD203E5B93005F51DA /* LogInViewController.swift in Sources */ = {isa = PBXBuildFile; fileRef = 9FF21BBC203E5B93005F51DA /* LogInViewController.swift */; };
		9FF21BC0203E5B93005F51DA /* Main.storyboard in Resources */ = {isa = PBXBuildFile; fileRef = 9FF21BBE203E5B93005F51DA /* Main.storyboard */; };
		9FF21BC2203E5B93005F51DA /* Assets.xcassets in Resources */ = {isa = PBXBuildFile; fileRef = 9FF21BC1203E5B93005F51DA /* Assets.xcassets */; };
		9FF21BC5203E5B93005F51DA /* LaunchScreen.storyboard in Resources */ = {isa = PBXBuildFile; fileRef = 9FF21BC3203E5B93005F51DA /* LaunchScreen.storyboard */; };
		9FF21BD0203E5B93005F51DA /* MDBSocialsTests.swift in Sources */ = {isa = PBXBuildFile; fileRef = 9FF21BCF203E5B93005F51DA /* MDBSocialsTests.swift */; };
		9FF21BDB203E5B93005F51DA /* MDBSocialsUITests.swift in Sources */ = {isa = PBXBuildFile; fileRef = 9FF21BDA203E5B93005F51DA /* MDBSocialsUITests.swift */; };
		9FF21BED203E75C9005F51DA /* SignUpViewController.swift in Sources */ = {isa = PBXBuildFile; fileRef = 9FF21BEC203E75C9005F51DA /* SignUpViewController.swift */; };
		9FF21BEF203E75DA005F51DA /* FeedViewController.swift in Sources */ = {isa = PBXBuildFile; fileRef = 9FF21BEE203E75DA005F51DA /* FeedViewController.swift */; };
		9FF21BF1203E75FB005F51DA /* DetailViewController.swift in Sources */ = {isa = PBXBuildFile; fileRef = 9FF21BF0203E75FB005F51DA /* DetailViewController.swift */; };
		9FF21BF3203E7608005F51DA /* NewSocialViewController.swift in Sources */ = {isa = PBXBuildFile; fileRef = 9FF21BF2203E7608005F51DA /* NewSocialViewController.swift */; };
		9FF21BF5203E7737005F51DA /* FirebaseAPIClient.swift in Sources */ = {isa = PBXBuildFile; fileRef = 9FF21BF4203E7737005F51DA /* FirebaseAPIClient.swift */; };
		9FF21BF7203E7784005F51DA /* UserAuthHelper.swift in Sources */ = {isa = PBXBuildFile; fileRef = 9FF21BF6203E7784005F51DA /* UserAuthHelper.swift */; };
		EAC0DE84F91C9A68EE2F2496 /* Pods_MDBSocialsTests.framework in Frameworks */ = {isa = PBXBuildFile; fileRef = 0A8BD9ECE783F3611466D7AE /* Pods_MDBSocialsTests.framework */; };
/* End PBXBuildFile section */

/* Begin PBXContainerItemProxy section */
		9FF21BCC203E5B93005F51DA /* PBXContainerItemProxy */ = {
			isa = PBXContainerItemProxy;
			containerPortal = 9FF21BAF203E5B93005F51DA /* Project object */;
			proxyType = 1;
			remoteGlobalIDString = 9FF21BB6203E5B93005F51DA;
			remoteInfo = MDBSocials;
		};
		9FF21BD7203E5B93005F51DA /* PBXContainerItemProxy */ = {
			isa = PBXContainerItemProxy;
			containerPortal = 9FF21BAF203E5B93005F51DA /* Project object */;
			proxyType = 1;
			remoteGlobalIDString = 9FF21BB6203E5B93005F51DA;
			remoteInfo = MDBSocials;
		};
/* End PBXContainerItemProxy section */

/* Begin PBXFileReference section */
		0A8BD9ECE783F3611466D7AE /* Pods_MDBSocialsTests.framework */ = {isa = PBXFileReference; explicitFileType = wrapper.framework; includeInIndex = 0; path = Pods_MDBSocialsTests.framework; sourceTree = BUILT_PRODUCTS_DIR; };
		0D630EE3C29212DA10ED5BB5 /* Pods-MDBSocialsUITests.debug.xcconfig */ = {isa = PBXFileReference; includeInIndex = 1; lastKnownFileType = text.xcconfig; name = "Pods-MDBSocialsUITests.debug.xcconfig"; path = "Pods/Target Support Files/Pods-MDBSocialsUITests/Pods-MDBSocialsUITests.debug.xcconfig"; sourceTree = "<group>"; };
		1AD1364AF370D2CF5CE79515 /* Pods-MDBSocials.debug.xcconfig */ = {isa = PBXFileReference; includeInIndex = 1; lastKnownFileType = text.xcconfig; name = "Pods-MDBSocials.debug.xcconfig"; path = "Pods/Target Support Files/Pods-MDBSocials/Pods-MDBSocials.debug.xcconfig"; sourceTree = "<group>"; };
		1D15139845C5BCF53FAB7846 /* Pods-MDBSocialsUITests.release.xcconfig */ = {isa = PBXFileReference; includeInIndex = 1; lastKnownFileType = text.xcconfig; name = "Pods-MDBSocialsUITests.release.xcconfig"; path = "Pods/Target Support Files/Pods-MDBSocialsUITests/Pods-MDBSocialsUITests.release.xcconfig"; sourceTree = "<group>"; };
		9F0772502057828B0061215B /* DarkSkyAPI.swift */ = {isa = PBXFileReference; lastKnownFileType = sourcecode.swift; path = DarkSkyAPI.swift; sourceTree = "<group>"; };
		9F07725220588D020061215B /* GoogleService-Info.plist */ = {isa = PBXFileReference; fileEncoding = 4; lastKnownFileType = text.plist.xml; name = "GoogleService-Info.plist"; path = "../../../../Downloads/GoogleService-Info.plist"; sourceTree = "<group>"; };
		9F077256205898CA0061215B /* Colors.swift */ = {isa = PBXFileReference; lastKnownFileType = sourcecode.swift; path = Colors.swift; sourceTree = "<group>"; };
		9F07727B2059DC960061215B /* RestAPIClient.swift */ = {isa = PBXFileReference; lastKnownFileType = sourcecode.swift; path = RestAPIClient.swift; sourceTree = "<group>"; };
		9F23048F204BC7E600A02661 /* WhosInterestedController.swift */ = {isa = PBXFileReference; lastKnownFileType = sourcecode.swift; path = WhosInterestedController.swift; sourceTree = "<group>"; };
		9F3C1577203ECC1F00A423B1 /* PostTableViewCell.swift */ = {isa = PBXFileReference; lastKnownFileType = sourcecode.swift; path = PostTableViewCell.swift; sourceTree = "<group>"; };
		9F3C1579203F42AF00A423B1 /* UITextViewPlaceholder.swift */ = {isa = PBXFileReference; lastKnownFileType = sourcecode.swift; path = UITextViewPlaceholder.swift; sourceTree = "<group>"; };
		9F3C1580203FB69200A423B1 /* Post.swift */ = {isa = PBXFileReference; lastKnownFileType = sourcecode.swift; path = Post.swift; sourceTree = "<group>"; };
		9F3C1581203FB6A400A423B1 /* SocialsUser.swift */ = {isa = PBXFileReference; lastKnownFileType = sourcecode.swift; path = SocialsUser.swift; sourceTree = "<group>"; };
		9FC8635C2048F24800340BA5 /* Utils.swift */ = {isa = PBXFileReference; fileEncoding = 4; lastKnownFileType = sourcecode.swift; name = Utils.swift; path = ../../../../Week3/MDBSocials/MDBSocials/Helpers/Utils.swift; sourceTree = "<group>"; };
		9FEFE25B204A7D7A00CB9712 /* MainTabBarController.swift */ = {isa = PBXFileReference; lastKnownFileType = sourcecode.swift; path = MainTabBarController.swift; sourceTree = "<group>"; };
		9FEFE25D204A83F400CB9712 /* MyEventsViewController.swift */ = {isa = PBXFileReference; lastKnownFileType = sourcecode.swift; path = MyEventsViewController.swift; sourceTree = "<group>"; };
		9FF21BB7203E5B93005F51DA /* MDBSocials.app */ = {isa = PBXFileReference; explicitFileType = wrapper.application; includeInIndex = 0; path = MDBSocials.app; sourceTree = BUILT_PRODUCTS_DIR; };
		9FF21BBA203E5B93005F51DA /* AppDelegate.swift */ = {isa = PBXFileReference; lastKnownFileType = sourcecode.swift; path = AppDelegate.swift; sourceTree = "<group>"; };
		9FF21BBC203E5B93005F51DA /* LogInViewController.swift */ = {isa = PBXFileReference; lastKnownFileType = sourcecode.swift; path = LogInViewController.swift; sourceTree = "<group>"; };
		9FF21BBF203E5B93005F51DA /* Base */ = {isa = PBXFileReference; lastKnownFileType = file.storyboard; name = Base; path = Base.lproj/Main.storyboard; sourceTree = "<group>"; };
		9FF21BC1203E5B93005F51DA /* Assets.xcassets */ = {isa = PBXFileReference; lastKnownFileType = folder.assetcatalog; path = Assets.xcassets; sourceTree = "<group>"; };
		9FF21BC4203E5B93005F51DA /* Base */ = {isa = PBXFileReference; lastKnownFileType = file.storyboard; name = Base; path = Base.lproj/LaunchScreen.storyboard; sourceTree = "<group>"; };
		9FF21BC6203E5B93005F51DA /* Info.plist */ = {isa = PBXFileReference; lastKnownFileType = text.plist.xml; path = Info.plist; sourceTree = "<group>"; };
		9FF21BCB203E5B93005F51DA /* MDBSocialsTests.xctest */ = {isa = PBXFileReference; explicitFileType = wrapper.cfbundle; includeInIndex = 0; path = MDBSocialsTests.xctest; sourceTree = BUILT_PRODUCTS_DIR; };
		9FF21BCF203E5B93005F51DA /* MDBSocialsTests.swift */ = {isa = PBXFileReference; lastKnownFileType = sourcecode.swift; path = MDBSocialsTests.swift; sourceTree = "<group>"; };
		9FF21BD1203E5B93005F51DA /* Info.plist */ = {isa = PBXFileReference; lastKnownFileType = text.plist.xml; path = Info.plist; sourceTree = "<group>"; };
		9FF21BD6203E5B93005F51DA /* MDBSocialsUITests.xctest */ = {isa = PBXFileReference; explicitFileType = wrapper.cfbundle; includeInIndex = 0; path = MDBSocialsUITests.xctest; sourceTree = BUILT_PRODUCTS_DIR; };
		9FF21BDA203E5B93005F51DA /* MDBSocialsUITests.swift */ = {isa = PBXFileReference; lastKnownFileType = sourcecode.swift; path = MDBSocialsUITests.swift; sourceTree = "<group>"; };
		9FF21BDC203E5B93005F51DA /* Info.plist */ = {isa = PBXFileReference; lastKnownFileType = text.plist.xml; path = Info.plist; sourceTree = "<group>"; };
		9FF21BEC203E75C9005F51DA /* SignUpViewController.swift */ = {isa = PBXFileReference; lastKnownFileType = sourcecode.swift; path = SignUpViewController.swift; sourceTree = "<group>"; };
		9FF21BEE203E75DA005F51DA /* FeedViewController.swift */ = {isa = PBXFileReference; lastKnownFileType = sourcecode.swift; path = FeedViewController.swift; sourceTree = "<group>"; };
		9FF21BF0203E75FB005F51DA /* DetailViewController.swift */ = {isa = PBXFileReference; lastKnownFileType = sourcecode.swift; path = DetailViewController.swift; sourceTree = "<group>"; };
		9FF21BF2203E7608005F51DA /* NewSocialViewController.swift */ = {isa = PBXFileReference; lastKnownFileType = sourcecode.swift; path = NewSocialViewController.swift; sourceTree = "<group>"; };
		9FF21BF4203E7737005F51DA /* FirebaseAPIClient.swift */ = {isa = PBXFileReference; lastKnownFileType = sourcecode.swift; path = FirebaseAPIClient.swift; sourceTree = "<group>"; };
		9FF21BF6203E7784005F51DA /* UserAuthHelper.swift */ = {isa = PBXFileReference; lastKnownFileType = sourcecode.swift; path = UserAuthHelper.swift; sourceTree = "<group>"; };
		A2888E81D5564FB20E9AE5D5 /* Pods_MDBSocialsUITests.framework */ = {isa = PBXFileReference; explicitFileType = wrapper.framework; includeInIndex = 0; path = Pods_MDBSocialsUITests.framework; sourceTree = BUILT_PRODUCTS_DIR; };
		CADD8A735D001DF10373C085 /* Pods-MDBSocials.release.xcconfig */ = {isa = PBXFileReference; includeInIndex = 1; lastKnownFileType = text.xcconfig; name = "Pods-MDBSocials.release.xcconfig"; path = "Pods/Target Support Files/Pods-MDBSocials/Pods-MDBSocials.release.xcconfig"; sourceTree = "<group>"; };
		EE70B1EDCD72E1F5F8FC57F7 /* Pods_MDBSocials.framework */ = {isa = PBXFileReference; explicitFileType = wrapper.framework; includeInIndex = 0; path = Pods_MDBSocials.framework; sourceTree = BUILT_PRODUCTS_DIR; };
		F6CCA5B2CC4A72C6BC56D938 /* Pods-MDBSocialsTests.release.xcconfig */ = {isa = PBXFileReference; includeInIndex = 1; lastKnownFileType = text.xcconfig; name = "Pods-MDBSocialsTests.release.xcconfig"; path = "Pods/Target Support Files/Pods-MDBSocialsTests/Pods-MDBSocialsTests.release.xcconfig"; sourceTree = "<group>"; };
		F95982187F8DB94AC86AFBC7 /* Pods-MDBSocialsTests.debug.xcconfig */ = {isa = PBXFileReference; includeInIndex = 1; lastKnownFileType = text.xcconfig; name = "Pods-MDBSocialsTests.debug.xcconfig"; path = "Pods/Target Support Files/Pods-MDBSocialsTests/Pods-MDBSocialsTests.debug.xcconfig"; sourceTree = "<group>"; };
/* End PBXFileReference section */

/* Begin PBXFrameworksBuildPhase section */
		9FF21BB4203E5B93005F51DA /* Frameworks */ = {
			isa = PBXFrameworksBuildPhase;
			buildActionMask = 2147483647;
			files = (
				035E924D05DFB4F789373534 /* Pods_MDBSocials.framework in Frameworks */,
			);
			runOnlyForDeploymentPostprocessing = 0;
		};
		9FF21BC8203E5B93005F51DA /* Frameworks */ = {
			isa = PBXFrameworksBuildPhase;
			buildActionMask = 2147483647;
			files = (
				EAC0DE84F91C9A68EE2F2496 /* Pods_MDBSocialsTests.framework in Frameworks */,
			);
			runOnlyForDeploymentPostprocessing = 0;
		};
		9FF21BD3203E5B93005F51DA /* Frameworks */ = {
			isa = PBXFrameworksBuildPhase;
			buildActionMask = 2147483647;
			files = (
				994F762365D3E920FC531C74 /* Pods_MDBSocialsUITests.framework in Frameworks */,
			);
			runOnlyForDeploymentPostprocessing = 0;
		};
/* End PBXFrameworksBuildPhase section */

/* Begin PBXGroup section */
		3D641466B5E9A998D5F0B28F /* Pods */ = {
			isa = PBXGroup;
			children = (
				1AD1364AF370D2CF5CE79515 /* Pods-MDBSocials.debug.xcconfig */,
				CADD8A735D001DF10373C085 /* Pods-MDBSocials.release.xcconfig */,
				F95982187F8DB94AC86AFBC7 /* Pods-MDBSocialsTests.debug.xcconfig */,
				F6CCA5B2CC4A72C6BC56D938 /* Pods-MDBSocialsTests.release.xcconfig */,
				0D630EE3C29212DA10ED5BB5 /* Pods-MDBSocialsUITests.debug.xcconfig */,
				1D15139845C5BCF53FAB7846 /* Pods-MDBSocialsUITests.release.xcconfig */,
			);
			name = Pods;
			sourceTree = "<group>";
		};
		9F3C1584203FB79E00A423B1 /* Models */ = {
			isa = PBXGroup;
			children = (
				9F3C1580203FB69200A423B1 /* Post.swift */,
				9F3C1581203FB6A400A423B1 /* SocialsUser.swift */,
			);
			path = Models;
			sourceTree = "<group>";
		};
		9F3C1585203FB7CF00A423B1 /* Controllers */ = {
			isa = PBXGroup;
			children = (
				9FF21BEE203E75DA005F51DA /* FeedViewController.swift */,
				9F23048F204BC7E600A02661 /* WhosInterestedController.swift */,
				9F3C1586203FB80300A423B1 /* Cells */,
				9FF21BBC203E5B93005F51DA /* LogInViewController.swift */,
				9FEFE25B204A7D7A00CB9712 /* MainTabBarController.swift */,
				9FF21BEC203E75C9005F51DA /* SignUpViewController.swift */,
				9FF21BF0203E75FB005F51DA /* DetailViewController.swift */,
				9FEFE25D204A83F400CB9712 /* MyEventsViewController.swift */,
				9FF21BF2203E7608005F51DA /* NewSocialViewController.swift */,
			);
			path = Controllers;
			sourceTree = "<group>";
		};
		9F3C1586203FB80300A423B1 /* Cells */ = {
			isa = PBXGroup;
			children = (
				9F3C1577203ECC1F00A423B1 /* PostTableViewCell.swift */,
			);
			path = Cells;
			sourceTree = "<group>";
		};
		9F3C1587203FB83A00A423B1 /* Clients */ = {
			isa = PBXGroup;
			children = (
				9FF21BF4203E7737005F51DA /* FirebaseAPIClient.swift */,
				9F07727B2059DC960061215B /* RestAPIClient.swift */,
				9F0772502057828B0061215B /* DarkSkyAPI.swift */,
			);
			path = Clients;
			sourceTree = "<group>";
		};
		9F3C1588203FB85000A423B1 /* Helpers */ = {
			isa = PBXGroup;
			children = (
				9FC8635C2048F24800340BA5 /* Utils.swift */,
				9FF21BF6203E7784005F51DA /* UserAuthHelper.swift */,
			);
			name = Helpers;
			path = MDBSocials/Helpers;
			sourceTree = SOURCE_ROOT;
		};
		9F3C1589203FB87500A423B1 /* Views */ = {
			isa = PBXGroup;
			children = (
				9F3C1579203F42AF00A423B1 /* UITextViewPlaceholder.swift */,
				9F077256205898CA0061215B /* Colors.swift */,
			);
			name = Views;
			path = MDBSocials/Views;
			sourceTree = SOURCE_ROOT;
		};
		9FF21BAE203E5B93005F51DA = {
			isa = PBXGroup;
			children = (
				9FF21BB9203E5B93005F51DA /* MDBSocials */,
				9FF21BCE203E5B93005F51DA /* MDBSocialsTests */,
				9FF21BD9203E5B93005F51DA /* MDBSocialsUITests */,
				9FF21BB8203E5B93005F51DA /* Products */,
				3D641466B5E9A998D5F0B28F /* Pods */,
				DDF7FDFA27295B035A39E31F /* Frameworks */,
			);
			sourceTree = "<group>";
		};
		9FF21BB8203E5B93005F51DA /* Products */ = {
			isa = PBXGroup;
			children = (
				9FF21BB7203E5B93005F51DA /* MDBSocials.app */,
				9FF21BCB203E5B93005F51DA /* MDBSocialsTests.xctest */,
				9FF21BD6203E5B93005F51DA /* MDBSocialsUITests.xctest */,
			);
			name = Products;
			sourceTree = "<group>";
		};
		9FF21BB9203E5B93005F51DA /* MDBSocials */ = {
			isa = PBXGroup;
			children = (
				9FF21BBA203E5B93005F51DA /* AppDelegate.swift */,
				9F3C1588203FB85000A423B1 /* Helpers */,
				9F3C1587203FB83A00A423B1 /* Clients */,
				9F3C1585203FB7CF00A423B1 /* Controllers */,
				9F3C1589203FB87500A423B1 /* Views */,
				9F3C1584203FB79E00A423B1 /* Models */,
				9FF21BBE203E5B93005F51DA /* Main.storyboard */,
				9FF21BC1203E5B93005F51DA /* Assets.xcassets */,
				9FF21BC3203E5B93005F51DA /* LaunchScreen.storyboard */,
				9F07725220588D020061215B /* GoogleService-Info.plist */,
				9FF21BC6203E5B93005F51DA /* Info.plist */,
			);
			path = MDBSocials;
			sourceTree = "<group>";
		};
		9FF21BCE203E5B93005F51DA /* MDBSocialsTests */ = {
			isa = PBXGroup;
			children = (
				9FF21BCF203E5B93005F51DA /* MDBSocialsTests.swift */,
				9FF21BD1203E5B93005F51DA /* Info.plist */,
			);
			path = MDBSocialsTests;
			sourceTree = "<group>";
		};
		9FF21BD9203E5B93005F51DA /* MDBSocialsUITests */ = {
			isa = PBXGroup;
			children = (
				9FF21BDA203E5B93005F51DA /* MDBSocialsUITests.swift */,
				9FF21BDC203E5B93005F51DA /* Info.plist */,
			);
			path = MDBSocialsUITests;
			sourceTree = "<group>";
		};
		DDF7FDFA27295B035A39E31F /* Frameworks */ = {
			isa = PBXGroup;
			children = (
				EE70B1EDCD72E1F5F8FC57F7 /* Pods_MDBSocials.framework */,
				0A8BD9ECE783F3611466D7AE /* Pods_MDBSocialsTests.framework */,
				A2888E81D5564FB20E9AE5D5 /* Pods_MDBSocialsUITests.framework */,
			);
			name = Frameworks;
			sourceTree = "<group>";
		};
/* End PBXGroup section */

/* Begin PBXNativeTarget section */
		9FF21BB6203E5B93005F51DA /* MDBSocials */ = {
			isa = PBXNativeTarget;
			buildConfigurationList = 9FF21BDF203E5B93005F51DA /* Build configuration list for PBXNativeTarget "MDBSocials" */;
			buildPhases = (
				723C44D35FE5B624705AA44E /* [CP] Check Pods Manifest.lock */,
				9FF21BB3203E5B93005F51DA /* Sources */,
				9FF21BB4203E5B93005F51DA /* Frameworks */,
				9FF21BB5203E5B93005F51DA /* Resources */,
				02958D5086A21071D7D79A03 /* [CP] Embed Pods Frameworks */,
				0BD49A4E6C546A1414688A73 /* [CP] Copy Pods Resources */,
			);
			buildRules = (
			);
			dependencies = (
			);
			name = MDBSocials;
			productName = MDBSocials;
			productReference = 9FF21BB7203E5B93005F51DA /* MDBSocials.app */;
			productType = "com.apple.product-type.application";
		};
		9FF21BCA203E5B93005F51DA /* MDBSocialsTests */ = {
			isa = PBXNativeTarget;
			buildConfigurationList = 9FF21BE2203E5B93005F51DA /* Build configuration list for PBXNativeTarget "MDBSocialsTests" */;
			buildPhases = (
				C662B2C40BC4898D0115B2A4 /* [CP] Check Pods Manifest.lock */,
				9FF21BC7203E5B93005F51DA /* Sources */,
				9FF21BC8203E5B93005F51DA /* Frameworks */,
				9FF21BC9203E5B93005F51DA /* Resources */,
				1787C058314B0FDD35954B4C /* [CP] Embed Pods Frameworks */,
				9B89F80C1253E6A0096B01FA /* [CP] Copy Pods Resources */,
			);
			buildRules = (
			);
			dependencies = (
				9FF21BCD203E5B93005F51DA /* PBXTargetDependency */,
			);
			name = MDBSocialsTests;
			productName = MDBSocialsTests;
			productReference = 9FF21BCB203E5B93005F51DA /* MDBSocialsTests.xctest */;
			productType = "com.apple.product-type.bundle.unit-test";
		};
		9FF21BD5203E5B93005F51DA /* MDBSocialsUITests */ = {
			isa = PBXNativeTarget;
			buildConfigurationList = 9FF21BE5203E5B93005F51DA /* Build configuration list for PBXNativeTarget "MDBSocialsUITests" */;
			buildPhases = (
				22570723F0AF790AE2167172 /* [CP] Check Pods Manifest.lock */,
				9FF21BD2203E5B93005F51DA /* Sources */,
				9FF21BD3203E5B93005F51DA /* Frameworks */,
				9FF21BD4203E5B93005F51DA /* Resources */,
				D93692F10ABC493437513096 /* [CP] Embed Pods Frameworks */,
				1618316176648D4FAA9E14EC /* [CP] Copy Pods Resources */,
			);
			buildRules = (
			);
			dependencies = (
				9FF21BD8203E5B93005F51DA /* PBXTargetDependency */,
			);
			name = MDBSocialsUITests;
			productName = MDBSocialsUITests;
			productReference = 9FF21BD6203E5B93005F51DA /* MDBSocialsUITests.xctest */;
			productType = "com.apple.product-type.bundle.ui-testing";
		};
/* End PBXNativeTarget section */

/* Begin PBXProject section */
		9FF21BAF203E5B93005F51DA /* Project object */ = {
			isa = PBXProject;
			attributes = {
				LastSwiftUpdateCheck = 0920;
				LastUpgradeCheck = 0920;
				ORGANIZATIONNAME = "___MaxAMiranda___";
				TargetAttributes = {
					9FF21BB6203E5B93005F51DA = {
						CreatedOnToolsVersion = 9.2;
						ProvisioningStyle = Automatic;
					};
					9FF21BCA203E5B93005F51DA = {
						CreatedOnToolsVersion = 9.2;
						ProvisioningStyle = Automatic;
						TestTargetID = 9FF21BB6203E5B93005F51DA;
					};
					9FF21BD5203E5B93005F51DA = {
						CreatedOnToolsVersion = 9.2;
						ProvisioningStyle = Automatic;
						TestTargetID = 9FF21BB6203E5B93005F51DA;
					};
				};
			};
			buildConfigurationList = 9FF21BB2203E5B93005F51DA /* Build configuration list for PBXProject "MDBSocials" */;
			compatibilityVersion = "Xcode 8.0";
			developmentRegion = en;
			hasScannedForEncodings = 0;
			knownRegions = (
				en,
				Base,
			);
			mainGroup = 9FF21BAE203E5B93005F51DA;
			productRefGroup = 9FF21BB8203E5B93005F51DA /* Products */;
			projectDirPath = "";
			projectRoot = "";
			targets = (
				9FF21BB6203E5B93005F51DA /* MDBSocials */,
				9FF21BCA203E5B93005F51DA /* MDBSocialsTests */,
				9FF21BD5203E5B93005F51DA /* MDBSocialsUITests */,
			);
		};
/* End PBXProject section */

/* Begin PBXResourcesBuildPhase section */
		9FF21BB5203E5B93005F51DA /* Resources */ = {
			isa = PBXResourcesBuildPhase;
			buildActionMask = 2147483647;
			files = (
				9FF21BC5203E5B93005F51DA /* LaunchScreen.storyboard in Resources */,
				9FF21BC2203E5B93005F51DA /* Assets.xcassets in Resources */,
				9FF21BC0203E5B93005F51DA /* Main.storyboard in Resources */,
				9F07725320588D030061215B /* GoogleService-Info.plist in Resources */,
			);
			runOnlyForDeploymentPostprocessing = 0;
		};
		9FF21BC9203E5B93005F51DA /* Resources */ = {
			isa = PBXResourcesBuildPhase;
			buildActionMask = 2147483647;
			files = (
			);
			runOnlyForDeploymentPostprocessing = 0;
		};
		9FF21BD4203E5B93005F51DA /* Resources */ = {
			isa = PBXResourcesBuildPhase;
			buildActionMask = 2147483647;
			files = (
			);
			runOnlyForDeploymentPostprocessing = 0;
		};
/* End PBXResourcesBuildPhase section */

/* Begin PBXShellScriptBuildPhase section */
		02958D5086A21071D7D79A03 /* [CP] Embed Pods Frameworks */ = {
			isa = PBXShellScriptBuildPhase;
			buildActionMask = 2147483647;
			files = (
			);
			inputPaths = (
				"${SRCROOT}/Pods/Target Support Files/Pods-MDBSocials/Pods-MDBSocials-frameworks.sh",
				"${BUILT_PRODUCTS_DIR}/Alamofire/Alamofire.framework",
				"${BUILT_PRODUCTS_DIR}/ChameleonFramework/ChameleonFramework.framework",
				"${BUILT_PRODUCTS_DIR}/GTMSessionFetcher/GTMSessionFetcher.framework",
				"${BUILT_PRODUCTS_DIR}/GoogleToolboxForMac/GoogleToolboxForMac.framework",
				"${BUILT_PRODUCTS_DIR}/HanekeSwift/Haneke.framework",
				"${BUILT_PRODUCTS_DIR}/LocationPicker/LocationPicker.framework",
				"${BUILT_PRODUCTS_DIR}/ObjectMapper/ObjectMapper.framework",
				"${BUILT_PRODUCTS_DIR}/PromiseKit/PromiseKit.framework",
				"${BUILT_PRODUCTS_DIR}/SwiftyBeaver/SwiftyBeaver.framework",
				"${BUILT_PRODUCTS_DIR}/SwiftyJSON/SwiftyJSON.framework",
				"${BUILT_PRODUCTS_DIR}/leveldb-library/leveldb.framework",
				"${BUILT_PRODUCTS_DIR}/nanopb/nanopb.framework",
			);
			name = "[CP] Embed Pods Frameworks";
			outputPaths = (
				"${TARGET_BUILD_DIR}/${FRAMEWORKS_FOLDER_PATH}/Alamofire.framework",
				"${TARGET_BUILD_DIR}/${FRAMEWORKS_FOLDER_PATH}/ChameleonFramework.framework",
				"${TARGET_BUILD_DIR}/${FRAMEWORKS_FOLDER_PATH}/GTMSessionFetcher.framework",
				"${TARGET_BUILD_DIR}/${FRAMEWORKS_FOLDER_PATH}/GoogleToolboxForMac.framework",
				"${TARGET_BUILD_DIR}/${FRAMEWORKS_FOLDER_PATH}/Haneke.framework",
				"${TARGET_BUILD_DIR}/${FRAMEWORKS_FOLDER_PATH}/LocationPicker.framework",
				"${TARGET_BUILD_DIR}/${FRAMEWORKS_FOLDER_PATH}/ObjectMapper.framework",
				"${TARGET_BUILD_DIR}/${FRAMEWORKS_FOLDER_PATH}/PromiseKit.framework",
				"${TARGET_BUILD_DIR}/${FRAMEWORKS_FOLDER_PATH}/SwiftyBeaver.framework",
				"${TARGET_BUILD_DIR}/${FRAMEWORKS_FOLDER_PATH}/SwiftyJSON.framework",
				"${TARGET_BUILD_DIR}/${FRAMEWORKS_FOLDER_PATH}/leveldb.framework",
				"${TARGET_BUILD_DIR}/${FRAMEWORKS_FOLDER_PATH}/nanopb.framework",
			);
			runOnlyForDeploymentPostprocessing = 0;
			shellPath = /bin/sh;
			shellScript = "\"${SRCROOT}/Pods/Target Support Files/Pods-MDBSocials/Pods-MDBSocials-frameworks.sh\"\n";
			showEnvVarsInLog = 0;
		};
		0BD49A4E6C546A1414688A73 /* [CP] Copy Pods Resources */ = {
			isa = PBXShellScriptBuildPhase;
			buildActionMask = 2147483647;
			files = (
			);
			inputPaths = (
			);
			name = "[CP] Copy Pods Resources";
			outputPaths = (
			);
			runOnlyForDeploymentPostprocessing = 0;
			shellPath = /bin/sh;
			shellScript = "\"${SRCROOT}/Pods/Target Support Files/Pods-MDBSocials/Pods-MDBSocials-resources.sh\"\n";
			showEnvVarsInLog = 0;
		};
		1618316176648D4FAA9E14EC /* [CP] Copy Pods Resources */ = {
			isa = PBXShellScriptBuildPhase;
			buildActionMask = 2147483647;
			files = (
			);
			inputPaths = (
			);
			name = "[CP] Copy Pods Resources";
			outputPaths = (
			);
			runOnlyForDeploymentPostprocessing = 0;
			shellPath = /bin/sh;
			shellScript = "\"${SRCROOT}/Pods/Target Support Files/Pods-MDBSocialsUITests/Pods-MDBSocialsUITests-resources.sh\"\n";
			showEnvVarsInLog = 0;
		};
		1787C058314B0FDD35954B4C /* [CP] Embed Pods Frameworks */ = {
			isa = PBXShellScriptBuildPhase;
			buildActionMask = 2147483647;
			files = (
			);
			inputPaths = (
			);
			name = "[CP] Embed Pods Frameworks";
			outputPaths = (
			);
			runOnlyForDeploymentPostprocessing = 0;
			shellPath = /bin/sh;
			shellScript = "\"${SRCROOT}/Pods/Target Support Files/Pods-MDBSocialsTests/Pods-MDBSocialsTests-frameworks.sh\"\n";
			showEnvVarsInLog = 0;
		};
		22570723F0AF790AE2167172 /* [CP] Check Pods Manifest.lock */ = {
			isa = PBXShellScriptBuildPhase;
			buildActionMask = 2147483647;
			files = (
			);
			inputPaths = (
				"${PODS_PODFILE_DIR_PATH}/Podfile.lock",
				"${PODS_ROOT}/Manifest.lock",
			);
			name = "[CP] Check Pods Manifest.lock";
			outputPaths = (
				"$(DERIVED_FILE_DIR)/Pods-MDBSocialsUITests-checkManifestLockResult.txt",
			);
			runOnlyForDeploymentPostprocessing = 0;
			shellPath = /bin/sh;
			shellScript = "diff \"${PODS_PODFILE_DIR_PATH}/Podfile.lock\" \"${PODS_ROOT}/Manifest.lock\" > /dev/null\nif [ $? != 0 ] ; then\n    # print error to STDERR\n    echo \"error: The sandbox is not in sync with the Podfile.lock. Run 'pod install' or update your CocoaPods installation.\" >&2\n    exit 1\nfi\n# This output is used by Xcode 'outputs' to avoid re-running this script phase.\necho \"SUCCESS\" > \"${SCRIPT_OUTPUT_FILE_0}\"\n";
			showEnvVarsInLog = 0;
		};
		723C44D35FE5B624705AA44E /* [CP] Check Pods Manifest.lock */ = {
			isa = PBXShellScriptBuildPhase;
			buildActionMask = 2147483647;
			files = (
			);
			inputPaths = (
				"${PODS_PODFILE_DIR_PATH}/Podfile.lock",
				"${PODS_ROOT}/Manifest.lock",
			);
			name = "[CP] Check Pods Manifest.lock";
			outputPaths = (
				"$(DERIVED_FILE_DIR)/Pods-MDBSocials-checkManifestLockResult.txt",
			);
			runOnlyForDeploymentPostprocessing = 0;
			shellPath = /bin/sh;
			shellScript = "diff \"${PODS_PODFILE_DIR_PATH}/Podfile.lock\" \"${PODS_ROOT}/Manifest.lock\" > /dev/null\nif [ $? != 0 ] ; then\n    # print error to STDERR\n    echo \"error: The sandbox is not in sync with the Podfile.lock. Run 'pod install' or update your CocoaPods installation.\" >&2\n    exit 1\nfi\n# This output is used by Xcode 'outputs' to avoid re-running this script phase.\necho \"SUCCESS\" > \"${SCRIPT_OUTPUT_FILE_0}\"\n";
			showEnvVarsInLog = 0;
		};
		9B89F80C1253E6A0096B01FA /* [CP] Copy Pods Resources */ = {
			isa = PBXShellScriptBuildPhase;
			buildActionMask = 2147483647;
			files = (
			);
			inputPaths = (
			);
			name = "[CP] Copy Pods Resources";
			outputPaths = (
			);
			runOnlyForDeploymentPostprocessing = 0;
			shellPath = /bin/sh;
			shellScript = "\"${SRCROOT}/Pods/Target Support Files/Pods-MDBSocialsTests/Pods-MDBSocialsTests-resources.sh\"\n";
			showEnvVarsInLog = 0;
		};
		C662B2C40BC4898D0115B2A4 /* [CP] Check Pods Manifest.lock */ = {
			isa = PBXShellScriptBuildPhase;
			buildActionMask = 2147483647;
			files = (
			);
			inputPaths = (
				"${PODS_PODFILE_DIR_PATH}/Podfile.lock",
				"${PODS_ROOT}/Manifest.lock",
			);
			name = "[CP] Check Pods Manifest.lock";
			outputPaths = (
				"$(DERIVED_FILE_DIR)/Pods-MDBSocialsTests-checkManifestLockResult.txt",
			);
			runOnlyForDeploymentPostprocessing = 0;
			shellPath = /bin/sh;
			shellScript = "diff \"${PODS_PODFILE_DIR_PATH}/Podfile.lock\" \"${PODS_ROOT}/Manifest.lock\" > /dev/null\nif [ $? != 0 ] ; then\n    # print error to STDERR\n    echo \"error: The sandbox is not in sync with the Podfile.lock. Run 'pod install' or update your CocoaPods installation.\" >&2\n    exit 1\nfi\n# This output is used by Xcode 'outputs' to avoid re-running this script phase.\necho \"SUCCESS\" > \"${SCRIPT_OUTPUT_FILE_0}\"\n";
			showEnvVarsInLog = 0;
		};
		D93692F10ABC493437513096 /* [CP] Embed Pods Frameworks */ = {
			isa = PBXShellScriptBuildPhase;
			buildActionMask = 2147483647;
			files = (
			);
			inputPaths = (
			);
			name = "[CP] Embed Pods Frameworks";
			outputPaths = (
			);
			runOnlyForDeploymentPostprocessing = 0;
			shellPath = /bin/sh;
			shellScript = "\"${SRCROOT}/Pods/Target Support Files/Pods-MDBSocialsUITests/Pods-MDBSocialsUITests-frameworks.sh\"\n";
			showEnvVarsInLog = 0;
		};
/* End PBXShellScriptBuildPhase section */

/* Begin PBXSourcesBuildPhase section */
		9FF21BB3203E5B93005F51DA /* Sources */ = {
			isa = PBXSourcesBuildPhase;
			buildActionMask = 2147483647;
			files = (
				9F3C1578203ECC1F00A423B1 /* PostTableViewCell.swift in Sources */,
				9F077257205898CA0061215B /* Colors.swift in Sources */,
				9FEFE25E204A83F400CB9712 /* MyEventsViewController.swift in Sources */,
				9F230490204BC7E600A02661 /* WhosInterestedController.swift in Sources */,
				9F3C1582203FB74000A423B1 /* Post.swift in Sources */,
				9FF21BF7203E7784005F51DA /* UserAuthHelper.swift in Sources */,
				9FEFE25C204A7D7A00CB9712 /* MainTabBarController.swift in Sources */,
				9FF21BF5203E7737005F51DA /* FirebaseAPIClient.swift in Sources */,
				9F3C157A203F42AF00A423B1 /* UITextViewPlaceholder.swift in Sources */,
				9F07727C2059DC960061215B /* RestAPIClient.swift in Sources */,
				9FC8635D2048F24900340BA5 /* Utils.swift in Sources */,
				9F3C1583203FB74300A423B1 /* SocialsUser.swift in Sources */,
				9FF21BED203E75C9005F51DA /* SignUpViewController.swift in Sources */,
				9F0772512057828B0061215B /* DarkSkyAPI.swift in Sources */,
				9FF21BBD203E5B93005F51DA /* LogInViewController.swift in Sources */,
				9FF21BF3203E7608005F51DA /* NewSocialViewController.swift in Sources */,
				9FF21BF1203E75FB005F51DA /* DetailViewController.swift in Sources */,
				9FF21BEF203E75DA005F51DA /* FeedViewController.swift in Sources */,
				9FF21BBB203E5B93005F51DA /* AppDelegate.swift in Sources */,
			);
			runOnlyForDeploymentPostprocessing = 0;
		};
		9FF21BC7203E5B93005F51DA /* Sources */ = {
			isa = PBXSourcesBuildPhase;
			buildActionMask = 2147483647;
			files = (
				9FF21BD0203E5B93005F51DA /* MDBSocialsTests.swift in Sources */,
			);
			runOnlyForDeploymentPostprocessing = 0;
		};
		9FF21BD2203E5B93005F51DA /* Sources */ = {
			isa = PBXSourcesBuildPhase;
			buildActionMask = 2147483647;
			files = (
				9FF21BDB203E5B93005F51DA /* MDBSocialsUITests.swift in Sources */,
			);
			runOnlyForDeploymentPostprocessing = 0;
		};
/* End PBXSourcesBuildPhase section */

/* Begin PBXTargetDependency section */
		9FF21BCD203E5B93005F51DA /* PBXTargetDependency */ = {
			isa = PBXTargetDependency;
			target = 9FF21BB6203E5B93005F51DA /* MDBSocials */;
			targetProxy = 9FF21BCC203E5B93005F51DA /* PBXContainerItemProxy */;
		};
		9FF21BD8203E5B93005F51DA /* PBXTargetDependency */ = {
			isa = PBXTargetDependency;
			target = 9FF21BB6203E5B93005F51DA /* MDBSocials */;
			targetProxy = 9FF21BD7203E5B93005F51DA /* PBXContainerItemProxy */;
		};
/* End PBXTargetDependency section */

/* Begin PBXVariantGroup section */
		9FF21BBE203E5B93005F51DA /* Main.storyboard */ = {
			isa = PBXVariantGroup;
			children = (
				9FF21BBF203E5B93005F51DA /* Base */,
			);
			name = Main.storyboard;
			sourceTree = "<group>";
		};
		9FF21BC3203E5B93005F51DA /* LaunchScreen.storyboard */ = {
			isa = PBXVariantGroup;
			children = (
				9FF21BC4203E5B93005F51DA /* Base */,
			);
			name = LaunchScreen.storyboard;
			sourceTree = "<group>";
		};
/* End PBXVariantGroup section */

/* Begin XCBuildConfiguration section */
		9FF21BDD203E5B93005F51DA /* Debug */ = {
			isa = XCBuildConfiguration;
			buildSettings = {
				ALWAYS_SEARCH_USER_PATHS = NO;
				CLANG_ANALYZER_NONNULL = YES;
				CLANG_ANALYZER_NUMBER_OBJECT_CONVERSION = YES_AGGRESSIVE;
				CLANG_CXX_LANGUAGE_STANDARD = "gnu++14";
				CLANG_CXX_LIBRARY = "libc++";
				CLANG_ENABLE_MODULES = YES;
				CLANG_ENABLE_OBJC_ARC = YES;
				CLANG_WARN_BLOCK_CAPTURE_AUTORELEASING = YES;
				CLANG_WARN_BOOL_CONVERSION = YES;
				CLANG_WARN_COMMA = YES;
				CLANG_WARN_CONSTANT_CONVERSION = YES;
				CLANG_WARN_DIRECT_OBJC_ISA_USAGE = YES_ERROR;
				CLANG_WARN_DOCUMENTATION_COMMENTS = YES;
				CLANG_WARN_EMPTY_BODY = YES;
				CLANG_WARN_ENUM_CONVERSION = YES;
				CLANG_WARN_INFINITE_RECURSION = YES;
				CLANG_WARN_INT_CONVERSION = YES;
				CLANG_WARN_NON_LITERAL_NULL_CONVERSION = YES;
				CLANG_WARN_OBJC_LITERAL_CONVERSION = YES;
				CLANG_WARN_OBJC_ROOT_CLASS = YES_ERROR;
				CLANG_WARN_RANGE_LOOP_ANALYSIS = YES;
				CLANG_WARN_STRICT_PROTOTYPES = YES;
				CLANG_WARN_SUSPICIOUS_MOVE = YES;
				CLANG_WARN_UNGUARDED_AVAILABILITY = YES_AGGRESSIVE;
				CLANG_WARN_UNREACHABLE_CODE = YES;
				CLANG_WARN__DUPLICATE_METHOD_MATCH = YES;
				CODE_SIGN_IDENTITY = "iPhone Developer";
				COPY_PHASE_STRIP = NO;
				DEBUG_INFORMATION_FORMAT = dwarf;
				ENABLE_STRICT_OBJC_MSGSEND = YES;
				ENABLE_TESTABILITY = YES;
				GCC_C_LANGUAGE_STANDARD = gnu11;
				GCC_DYNAMIC_NO_PIC = NO;
				GCC_NO_COMMON_BLOCKS = YES;
				GCC_OPTIMIZATION_LEVEL = 0;
				GCC_PREPROCESSOR_DEFINITIONS = (
					"DEBUG=1",
					"$(inherited)",
				);
				GCC_WARN_64_TO_32_BIT_CONVERSION = YES;
				GCC_WARN_ABOUT_RETURN_TYPE = YES_ERROR;
				GCC_WARN_UNDECLARED_SELECTOR = YES;
				GCC_WARN_UNINITIALIZED_AUTOS = YES_AGGRESSIVE;
				GCC_WARN_UNUSED_FUNCTION = YES;
				GCC_WARN_UNUSED_VARIABLE = YES;
				IPHONEOS_DEPLOYMENT_TARGET = 11.2;
				MTL_ENABLE_DEBUG_INFO = YES;
				ONLY_ACTIVE_ARCH = YES;
				SDKROOT = iphoneos;
				SWIFT_ACTIVE_COMPILATION_CONDITIONS = DEBUG;
				SWIFT_OPTIMIZATION_LEVEL = "-Onone";
			};
			name = Debug;
		};
		9FF21BDE203E5B93005F51DA /* Release */ = {
			isa = XCBuildConfiguration;
			buildSettings = {
				ALWAYS_SEARCH_USER_PATHS = NO;
				CLANG_ANALYZER_NONNULL = YES;
				CLANG_ANALYZER_NUMBER_OBJECT_CONVERSION = YES_AGGRESSIVE;
				CLANG_CXX_LANGUAGE_STANDARD = "gnu++14";
				CLANG_CXX_LIBRARY = "libc++";
				CLANG_ENABLE_MODULES = YES;
				CLANG_ENABLE_OBJC_ARC = YES;
				CLANG_WARN_BLOCK_CAPTURE_AUTORELEASING = YES;
				CLANG_WARN_BOOL_CONVERSION = YES;
				CLANG_WARN_COMMA = YES;
				CLANG_WARN_CONSTANT_CONVERSION = YES;
				CLANG_WARN_DIRECT_OBJC_ISA_USAGE = YES_ERROR;
				CLANG_WARN_DOCUMENTATION_COMMENTS = YES;
				CLANG_WARN_EMPTY_BODY = YES;
				CLANG_WARN_ENUM_CONVERSION = YES;
				CLANG_WARN_INFINITE_RECURSION = YES;
				CLANG_WARN_INT_CONVERSION = YES;
				CLANG_WARN_NON_LITERAL_NULL_CONVERSION = YES;
				CLANG_WARN_OBJC_LITERAL_CONVERSION = YES;
				CLANG_WARN_OBJC_ROOT_CLASS = YES_ERROR;
				CLANG_WARN_RANGE_LOOP_ANALYSIS = YES;
				CLANG_WARN_STRICT_PROTOTYPES = YES;
				CLANG_WARN_SUSPICIOUS_MOVE = YES;
				CLANG_WARN_UNGUARDED_AVAILABILITY = YES_AGGRESSIVE;
				CLANG_WARN_UNREACHABLE_CODE = YES;
				CLANG_WARN__DUPLICATE_METHOD_MATCH = YES;
				CODE_SIGN_IDENTITY = "iPhone Developer";
				COPY_PHASE_STRIP = NO;
				DEBUG_INFORMATION_FORMAT = "dwarf-with-dsym";
				ENABLE_NS_ASSERTIONS = NO;
				ENABLE_STRICT_OBJC_MSGSEND = YES;
				GCC_C_LANGUAGE_STANDARD = gnu11;
				GCC_NO_COMMON_BLOCKS = YES;
				GCC_WARN_64_TO_32_BIT_CONVERSION = YES;
				GCC_WARN_ABOUT_RETURN_TYPE = YES_ERROR;
				GCC_WARN_UNDECLARED_SELECTOR = YES;
				GCC_WARN_UNINITIALIZED_AUTOS = YES_AGGRESSIVE;
				GCC_WARN_UNUSED_FUNCTION = YES;
				GCC_WARN_UNUSED_VARIABLE = YES;
				IPHONEOS_DEPLOYMENT_TARGET = 11.2;
				MTL_ENABLE_DEBUG_INFO = NO;
				SDKROOT = iphoneos;
				SWIFT_OPTIMIZATION_LEVEL = "-Owholemodule";
				VALIDATE_PRODUCT = YES;
			};
			name = Release;
		};
		9FF21BE0203E5B93005F51DA /* Debug */ = {
			isa = XCBuildConfiguration;
			baseConfigurationReference = 1AD1364AF370D2CF5CE79515 /* Pods-MDBSocials.debug.xcconfig */;
			buildSettings = {
				ASSETCATALOG_COMPILER_APPICON_NAME = AppIcon;
				CODE_SIGN_STYLE = Automatic;
				DEVELOPMENT_TEAM = SVB4USWED5;
				INFOPLIST_FILE = MDBSocials/Info.plist;
				LD_RUNPATH_SEARCH_PATHS = "$(inherited) @executable_path/Frameworks";
				PRODUCT_BUNDLE_IDENTIFIER = com.maxmiranda.MDBSocials;
				PRODUCT_NAME = "$(TARGET_NAME)";
				SWIFT_VERSION = 4.0;
				TARGETED_DEVICE_FAMILY = "1,2";
			};
			name = Debug;
		};
		9FF21BE1203E5B93005F51DA /* Release */ = {
			isa = XCBuildConfiguration;
			baseConfigurationReference = CADD8A735D001DF10373C085 /* Pods-MDBSocials.release.xcconfig */;
			buildSettings = {
				ASSETCATALOG_COMPILER_APPICON_NAME = AppIcon;
				CODE_SIGN_STYLE = Automatic;
				DEVELOPMENT_TEAM = SVB4USWED5;
				INFOPLIST_FILE = MDBSocials/Info.plist;
				LD_RUNPATH_SEARCH_PATHS = "$(inherited) @executable_path/Frameworks";
				PRODUCT_BUNDLE_IDENTIFIER = com.maxmiranda.MDBSocials;
				PRODUCT_NAME = "$(TARGET_NAME)";
				SWIFT_VERSION = 4.0;
				TARGETED_DEVICE_FAMILY = "1,2";
			};
			name = Release;
		};
		9FF21BE3203E5B93005F51DA /* Debug */ = {
			isa = XCBuildConfiguration;
			baseConfigurationReference = F95982187F8DB94AC86AFBC7 /* Pods-MDBSocialsTests.debug.xcconfig */;
			buildSettings = {
				ALWAYS_EMBED_SWIFT_STANDARD_LIBRARIES = YES;
				BUNDLE_LOADER = "$(TEST_HOST)";
				CODE_SIGN_STYLE = Automatic;
				DEVELOPMENT_TEAM = SVB4USWED5;
				INFOPLIST_FILE = MDBSocialsTests/Info.plist;
				LD_RUNPATH_SEARCH_PATHS = "$(inherited) @executable_path/Frameworks @loader_path/Frameworks";
				PRODUCT_BUNDLE_IDENTIFIER = com.maxmiranda.MDBSocialsTests;
				PRODUCT_NAME = "$(TARGET_NAME)";
				SWIFT_VERSION = 4.0;
				TARGETED_DEVICE_FAMILY = "1,2";
				TEST_HOST = "$(BUILT_PRODUCTS_DIR)/MDBSocials.app/MDBSocials";
			};
			name = Debug;
		};
		9FF21BE4203E5B93005F51DA /* Release */ = {
			isa = XCBuildConfiguration;
			baseConfigurationReference = F6CCA5B2CC4A72C6BC56D938 /* Pods-MDBSocialsTests.release.xcconfig */;
			buildSettings = {
				ALWAYS_EMBED_SWIFT_STANDARD_LIBRARIES = YES;
				BUNDLE_LOADER = "$(TEST_HOST)";
				CODE_SIGN_STYLE = Automatic;
				DEVELOPMENT_TEAM = SVB4USWED5;
				INFOPLIST_FILE = MDBSocialsTests/Info.plist;
				LD_RUNPATH_SEARCH_PATHS = "$(inherited) @executable_path/Frameworks @loader_path/Frameworks";
				PRODUCT_BUNDLE_IDENTIFIER = com.maxmiranda.MDBSocialsTests;
				PRODUCT_NAME = "$(TARGET_NAME)";
				SWIFT_VERSION = 4.0;
				TARGETED_DEVICE_FAMILY = "1,2";
				TEST_HOST = "$(BUILT_PRODUCTS_DIR)/MDBSocials.app/MDBSocials";
			};
			name = Release;
		};
		9FF21BE6203E5B93005F51DA /* Debug */ = {
			isa = XCBuildConfiguration;
			baseConfigurationReference = 0D630EE3C29212DA10ED5BB5 /* Pods-MDBSocialsUITests.debug.xcconfig */;
			buildSettings = {
				ALWAYS_EMBED_SWIFT_STANDARD_LIBRARIES = YES;
				CODE_SIGN_STYLE = Automatic;
				DEVELOPMENT_TEAM = SVB4USWED5;
				INFOPLIST_FILE = MDBSocialsUITests/Info.plist;
				LD_RUNPATH_SEARCH_PATHS = "$(inherited) @executable_path/Frameworks @loader_path/Frameworks";
				PRODUCT_BUNDLE_IDENTIFIER = com.maxmiranda.MDBSocialsUITests;
				PRODUCT_NAME = "$(TARGET_NAME)";
				SWIFT_VERSION = 4.0;
				TARGETED_DEVICE_FAMILY = "1,2";
				TEST_TARGET_NAME = MDBSocials;
			};
			name = Debug;
		};
		9FF21BE7203E5B93005F51DA /* Release */ = {
			isa = XCBuildConfiguration;
			baseConfigurationReference = 1D15139845C5BCF53FAB7846 /* Pods-MDBSocialsUITests.release.xcconfig */;
			buildSettings = {
				ALWAYS_EMBED_SWIFT_STANDARD_LIBRARIES = YES;
				CODE_SIGN_STYLE = Automatic;
				DEVELOPMENT_TEAM = SVB4USWED5;
				INFOPLIST_FILE = MDBSocialsUITests/Info.plist;
				LD_RUNPATH_SEARCH_PATHS = "$(inherited) @executable_path/Frameworks @loader_path/Frameworks";
				PRODUCT_BUNDLE_IDENTIFIER = com.maxmiranda.MDBSocialsUITests;
				PRODUCT_NAME = "$(TARGET_NAME)";
				SWIFT_VERSION = 4.0;
				TARGETED_DEVICE_FAMILY = "1,2";
				TEST_TARGET_NAME = MDBSocials;
			};
			name = Release;
		};
/* End XCBuildConfiguration section */

/* Begin XCConfigurationList section */
		9FF21BB2203E5B93005F51DA /* Build configuration list for PBXProject "MDBSocials" */ = {
			isa = XCConfigurationList;
			buildConfigurations = (
				9FF21BDD203E5B93005F51DA /* Debug */,
				9FF21BDE203E5B93005F51DA /* Release */,
			);
			defaultConfigurationIsVisible = 0;
			defaultConfigurationName = Release;
		};
		9FF21BDF203E5B93005F51DA /* Build configuration list for PBXNativeTarget "MDBSocials" */ = {
			isa = XCConfigurationList;
			buildConfigurations = (
				9FF21BE0203E5B93005F51DA /* Debug */,
				9FF21BE1203E5B93005F51DA /* Release */,
			);
			defaultConfigurationIsVisible = 0;
			defaultConfigurationName = Release;
		};
		9FF21BE2203E5B93005F51DA /* Build configuration list for PBXNativeTarget "MDBSocialsTests" */ = {
			isa = XCConfigurationList;
			buildConfigurations = (
				9FF21BE3203E5B93005F51DA /* Debug */,
				9FF21BE4203E5B93005F51DA /* Release */,
			);
			defaultConfigurationIsVisible = 0;
			defaultConfigurationName = Release;
		};
		9FF21BE5203E5B93005F51DA /* Build configuration list for PBXNativeTarget "MDBSocialsUITests" */ = {
			isa = XCConfigurationList;
			buildConfigurations = (
				9FF21BE6203E5B93005F51DA /* Debug */,
				9FF21BE7203E5B93005F51DA /* Release */,
			);
			defaultConfigurationIsVisible = 0;
			defaultConfigurationName = Release;
		};
/* End XCConfigurationList section */
	};
	rootObject = 9FF21BAF203E5B93005F51DA /* Project object */;
}
